https://github.com/korlibs/korge-box2d.git/korge-box2d#v0.1.2 ::: b1737ab3985c0bd3e2f002346ff2ac43ca1ebf48:fa04ff00fef3fc03fcfaf4f20b01fafefbfef60f0701fffa0e070108f0f401f3
https://github.com/korlibs/korge-dragonbones.git/korge-dragonbones#v1.0.0 ::: 11f0026a44d96e476949465aadbc6848d3fbb764:fa0608f303f40df7040ff7fd0ff605f00105f9f7fe090e0e080efd0700f500f7
https://github.com/korlibs/korge-ldtk.git/korge-ldtk#v1.0.2 ::: 3cc31bddd707037084f8e0d764a9706cc99f0bfb:fefc01fef80bf6f10502fbf5f501fff20df40df6fefffc0efa0dfaf30e07f90c
https://github.com/korlibs/korge-virtualcontroller.git/korge-virtualcontroller#v1.0.0 ::: 644e328f2b99484d650521ab96c49d15cc46d8c3:0b02fb06f0000002f5f6f2f002fd00fff4f4f90a040307f207f8ff06fff5fef5
https://github.com/korlibs/mascots.korge.org.git/korge-mascots#v1.0.0 ::: dd8f5d14fa7b637dfdcfd2fc76d3cbf612f7b72e:0002fcfa0b0f0c0205f50a07fb0afd0b0008fe000af4030a050b08ff06f0f9fc
